
Microsoft Visual Studio Solution File, Format Version 12.00
# Visual Studio Version 17
VisualStudioVersion = 17.7.34024.191
MinimumVisualStudioVersion = 10.0.40219.1
Project("{8BC9CEB8-8B4A-11D0-8D11-00A0C91BC942}") = "exp-5", "exp-5.vcxproj", "{9587E284-9D19-4014-A38E-5ED2D01BE0BF}"
EndProject
Global
	GlobalSection(SolutionConfigurationPlatforms) = preSolution
		Debug|x64 = Debug|x64
		Debug|x86 = Debug|x86
		Release|x64 = Release|x64
		Release|x86 = Release|x86
	EndGlobalSection
	GlobalSection(ProjectConfigurationPlatforms) = postSolution
		{9587E284-9D19-4014-A38E-5ED2D01BE0BF}.Debug|x64.ActiveCfg = Debug|x64
		{9587E284-9D19-4014-A38E-5ED2D01BE0BF}.Debug|x64.Build.0 = Debug|x64
		{9587E284-9D19-4014-A38E-5ED2D01BE0BF}.Debug|x86.ActiveCfg = Debug|Win32
		{9587E284-9D19-4014-A38E-5ED2D01BE0BF}.Debug|x86.Build.0 = Debug|Win32
		{9587E284-9D19-4014-A38E-5ED2D01BE0BF}.Release|x64.ActiveCfg = Release|x64
		{9587E284-9D19-4014-A38E-5ED2D01BE0BF}.Release|x64.Build.0 = Release|x64
		{9587E284-9D19-4014-A38E-5ED2D01BE0BF}.Release|x86.ActiveCfg = Release|Win32
		{9587E284-9D19-4014-A38E-5ED2D01BE0BF}.Release|x86.Build.0 = Release|Win32
	EndGlobalSection
	GlobalSection(SolutionProperties) = preSolution
		HideSolutionNode = FALSE
	EndGlobalSection
	GlobalSection(ExtensibilityGlobals) = postSolution
		SolutionGuid = {3E926CA4-E271-49AE-BA04-2F7CFA000051}
	EndGlobalSection
EndGlobal
